
Microsoft Visual Studio Solution File, Format Version 12.00
# Visual Studio 14
VisualStudioVersion = 14.0.25420.1
MinimumVisualStudioVersion = 10.0.40219.1
Project("{FAE04EC0-301F-11D3-BF4B-00C04F79EFBC}") = "MapApplication", "MapApplication\MapApplication.csproj", "{D181E438-AE49-4416-AC44-935099536F43}"
EndProject
Project("{FAE04EC0-301F-11D3-BF4B-00C04F79EFBC}") = "MapApplication.Tests", "TigerspikeAssignment.Tests\MapApplication.Tests.csproj", "{9AEE454B-4204-4DCC-9F02-C200FC5F7E24}"
EndProject
Global
	GlobalSection(SolutionConfigurationPlatforms) = preSolution
		Debug|Any CPU = Debug|Any CPU
		Release|Any CPU = Release|Any CPU
	EndGlobalSection
	GlobalSection(ProjectConfigurationPlatforms) = postSolution
		{9AEE454B-4204-4DCC-9F02-C200FC5F7E24}.Debug|Any CPU.ActiveCfg = Debug|Any CPU
		{9AEE454B-4204-4DCC-9F02-C200FC5F7E24}.Debug|Any CPU.Build.0 = Debug|Any CPU
		{9AEE454B-4204-4DCC-9F02-C200FC5F7E24}.Release|Any CPU.ActiveCfg = Release|Any CPU
		{9AEE454B-4204-4DCC-9F02-C200FC5F7E24}.Release|Any CPU.Build.0 = Release|Any CPU
		{D181E438-AE49-4416-AC44-935099536F43}.Debug|Any CPU.ActiveCfg = Debug|Any CPU
		{D181E438-AE49-4416-AC44-935099536F43}.Debug|Any CPU.Build.0 = Debug|Any CPU
		{D181E438-AE49-4416-AC44-935099536F43}.Release|Any CPU.ActiveCfg = Release|Any CPU
		{D181E438-AE49-4416-AC44-935099536F43}.Release|Any CPU.Build.0 = Release|Any CPU
	EndGlobalSection
	GlobalSection(SolutionProperties) = preSolution
		HideSolutionNode = FALSE
	EndGlobalSection
EndGlobal
